
Microsoft Visual Studio Solution File, Format Version 12.00
# Visual Studio 15
VisualStudioVersion = 15.0.28010.2046
MinimumVisualStudioVersion = 10.0.40219.1
Project("{FAE04EC0-301F-11D3-BF4B-00C04F79EFBC}") = "TestApp", "TestApp\TestApp.csproj", "{3DE4CC04-1DA1-41E3-B666-4DBF326A3867}"
EndProject
Project("{FAE04EC0-301F-11D3-BF4B-00C04F79EFBC}") = "craftersmine.EtherEngine.Core", "craftersmine.EtherEngine.Core\craftersmine.EtherEngine.Core.csproj", "{81396907-D6FF-4940-B28B-C9971102E02C}"
EndProject
Project("{FAE04EC0-301F-11D3-BF4B-00C04F79EFBC}") = "craftersmine.EtherEngine.Input", "craftersmine.EtherEngine.Input\craftersmine.EtherEngine.Input.csproj", "{EB866C13-3350-4AAE-BABA-42B69156F57D}"
EndProject
Project("{2150E333-8FDC-42A3-9474-1A3956D46DE8}") = "_Global", "_Global", "{49BA0E69-F705-453D-BAFC-06FC1ACE7946}"
	ProjectSection(SolutionItems) = preProject
		_Global\GlobalAssemblyInfo.cs = _Global\GlobalAssemblyInfo.cs
	EndProjectSection
EndProject
Project("{FAE04EC0-301F-11D3-BF4B-00C04F79EFBC}") = "craftersmine.EtherEngine.Content", "craftersmine.EtherEngine.Content\craftersmine.EtherEngine.Content.csproj", "{45E14932-E679-4CF6-9408-73F610BFFEBE}"
EndProject
Global
	GlobalSection(SolutionConfigurationPlatforms) = preSolution
		Debug|Any CPU = Debug|Any CPU
		Release|Any CPU = Release|Any CPU
	EndGlobalSection
	GlobalSection(ProjectConfigurationPlatforms) = postSolution
		{3DE4CC04-1DA1-41E3-B666-4DBF326A3867}.Debug|Any CPU.ActiveCfg = Debug|Any CPU
		{3DE4CC04-1DA1-41E3-B666-4DBF326A3867}.Debug|Any CPU.Build.0 = Debug|Any CPU
		{3DE4CC04-1DA1-41E3-B666-4DBF326A3867}.Release|Any CPU.ActiveCfg = Release|Any CPU
		{3DE4CC04-1DA1-41E3-B666-4DBF326A3867}.Release|Any CPU.Build.0 = Release|Any CPU
		{81396907-D6FF-4940-B28B-C9971102E02C}.Debug|Any CPU.ActiveCfg = Debug|Any CPU
		{81396907-D6FF-4940-B28B-C9971102E02C}.Debug|Any CPU.Build.0 = Debug|Any CPU
		{81396907-D6FF-4940-B28B-C9971102E02C}.Release|Any CPU.ActiveCfg = Release|Any CPU
		{81396907-D6FF-4940-B28B-C9971102E02C}.Release|Any CPU.Build.0 = Release|Any CPU
		{EB866C13-3350-4AAE-BABA-42B69156F57D}.Debug|Any CPU.ActiveCfg = Debug|Any CPU
		{EB866C13-3350-4AAE-BABA-42B69156F57D}.Debug|Any CPU.Build.0 = Debug|Any CPU
		{EB866C13-3350-4AAE-BABA-42B69156F57D}.Release|Any CPU.ActiveCfg = Release|Any CPU
		{EB866C13-3350-4AAE-BABA-42B69156F57D}.Release|Any CPU.Build.0 = Release|Any CPU
		{45E14932-E679-4CF6-9408-73F610BFFEBE}.Debug|Any CPU.ActiveCfg = Debug|Any CPU
		{45E14932-E679-4CF6-9408-73F610BFFEBE}.Debug|Any CPU.Build.0 = Debug|Any CPU
		{45E14932-E679-4CF6-9408-73F610BFFEBE}.Release|Any CPU.ActiveCfg = Release|Any CPU
		{45E14932-E679-4CF6-9408-73F610BFFEBE}.Release|Any CPU.Build.0 = Release|Any CPU
	EndGlobalSection
	GlobalSection(SolutionProperties) = preSolution
		HideSolutionNode = FALSE
	EndGlobalSection
	GlobalSection(ExtensibilityGlobals) = postSolution
		SolutionGuid = {68EB6951-C12C-4C0A-9437-80EDCEB0C13A}
	EndGlobalSection
EndGlobal
